
Microsoft Visual Studio Solution File, Format Version 12.00
# Visual Studio Version 16
VisualStudioVersion = 16.0.30320.27
MinimumVisualStudioVersion = 10.0.40219.1
Project("{FAE04EC0-301F-11D3-BF4B-00C04F79EFBC}") = "MathFunctions", "MathFunctions.csproj", "{00D00054-7104-4D3D-AEF7-9294F55E0739}"
EndProject
Global
	GlobalSection(SolutionConfigurationPlatforms) = preSolution
		Debug|Any CPU = Debug|Any CPU
		Release|Any CPU = Release|Any CPU
	EndGlobalSection
	GlobalSection(ProjectConfigurationPlatforms) = postSolution
		{00D00054-7104-4D3D-AEF7-9294F55E0739}.Debug|Any CPU.ActiveCfg = Debug|Any CPU
		{00D00054-7104-4D3D-AEF7-9294F55E0739}.Debug|Any CPU.Build.0 = Debug|Any CPU
		{00D00054-7104-4D3D-AEF7-9294F55E0739}.Release|Any CPU.ActiveCfg = Release|Any CPU
		{00D00054-7104-4D3D-AEF7-9294F55E0739}.Release|Any CPU.Build.0 = Release|Any CPU
	EndGlobalSection
	GlobalSection(SolutionProperties) = preSolution
		HideSolutionNode = FALSE
	EndGlobalSection
	GlobalSection(ExtensibilityGlobals) = postSolution
		SolutionGuid = {3C192F67-538A-43B9-8F1B-CD695F7F1E00}
	EndGlobalSection
EndGlobal
